// !$*UTF8*$!
{
	archiveVersion = 1;
	classes = {
	};
	objectVersion = 50;
	objects = {

/* Begin PBXBuildFile section */
		A06C61042580AA470086D389 /* LoginSwiftUIDemoApp.swift in Sources */ = {isa = PBXBuildFile; fileRef = A06C61032580AA470086D389 /* LoginSwiftUIDemoApp.swift */; };
		A06C61062580AA470086D389 /* LoginView.swift in Sources */ = {isa = PBXBuildFile; fileRef = A06C61052580AA470086D389 /* LoginView.swift */; };
		A06C61082580AA490086D389 /* Assets.xcassets in Resources */ = {isa = PBXBuildFile; fileRef = A06C61072580AA490086D389 /* Assets.xcassets */; };
		A06C610B2580AA490086D389 /* Preview Assets.xcassets in Resources */ = {isa = PBXBuildFile; fileRef = A06C610A2580AA490086D389 /* Preview Assets.xcassets */; };
		A06C61192580C41C0086D389 /* LoginViewModel.swift in Sources */ = {isa = PBXBuildFile; fileRef = A06C61182580C41C0086D389 /* LoginViewModel.swift */; };
		A06C611D2580C7B20086D389 /* LoginButtonView.swift in Sources */ = {isa = PBXBuildFile; fileRef = A06C611C2580C7B20086D389 /* LoginButtonView.swift */; };
/* End PBXBuildFile section */

/* Begin PBXFileReference section */
		A06C61002580AA470086D389 /* LoginSwiftUIDemo.app */ = {isa = PBXFileReference; explicitFileType = wrapper.application; includeInIndex = 0; path = LoginSwiftUIDemo.app; sourceTree = BUILT_PRODUCTS_DIR; };
		A06C61032580AA470086D389 /* LoginSwiftUIDemoApp.swift */ = {isa = PBXFileReference; lastKnownFileType = sourcecode.swift; path = LoginSwiftUIDemoApp.swift; sourceTree = "<group>"; };
		A06C61052580AA470086D389 /* LoginView.swift */ = {isa = PBXFileReference; lastKnownFileType = sourcecode.swift; path = LoginView.swift; sourceTree = "<group>"; };
		A06C61072580AA490086D389 /* Assets.xcassets */ = {isa = PBXFileReference; lastKnownFileType = folder.assetcatalog; path = Assets.xcassets; sourceTree = "<group>"; };
		A06C610A2580AA490086D389 /* Preview Assets.xcassets */ = {isa = PBXFileReference; lastKnownFileType = folder.assetcatalog; path = "Preview Assets.xcassets"; sourceTree = "<group>"; };
		A06C610C2580AA490086D389 /* Info.plist */ = {isa = PBXFileReference; lastKnownFileType = text.plist.xml; path = Info.plist; sourceTree = "<group>"; };
		A06C61182580C41C0086D389 /* LoginViewModel.swift */ = {isa = PBXFileReference; lastKnownFileType = sourcecode.swift; path = LoginViewModel.swift; sourceTree = "<group>"; };
		A06C611C2580C7B20086D389 /* LoginButtonView.swift */ = {isa = PBXFileReference; lastKnownFileType = sourcecode.swift; path = LoginButtonView.swift; sourceTree = "<group>"; };
/* End PBXFileReference section */

/* Begin PBXFrameworksBuildPhase section */
		A06C60FD2580AA470086D389 /* Frameworks */ = {
			isa = PBXFrameworksBuildPhase;
			buildActionMask = 2147483647;
			files = (
			);
			runOnlyForDeploymentPostprocessing = 0;
		};
/* End PBXFrameworksBuildPhase section */

/* Begin PBXGroup section */
		A06C60F72580AA470086D389 = {
			isa = PBXGroup;
			children = (
				A06C61022580AA470086D389 /* LoginSwiftUIDemo */,
				A06C61012580AA470086D389 /* Products */,
			);
			sourceTree = "<group>";
		};
		A06C61012580AA470086D389 /* Products */ = {
			isa = PBXGroup;
			children = (
				A06C61002580AA470086D389 /* LoginSwiftUIDemo.app */,
			);
			name = Products;
			sourceTree = "<group>";
		};
		A06C61022580AA470086D389 /* LoginSwiftUIDemo */ = {
			isa = PBXGroup;
			children = (
				A06C61152580C3CA0086D389 /* Modules */,
				A06C61032580AA470086D389 /* LoginSwiftUIDemoApp.swift */,
				A06C61072580AA490086D389 /* Assets.xcassets */,
				A06C610C2580AA490086D389 /* Info.plist */,
				A06C61092580AA490086D389 /* Preview Content */,
			);
			path = LoginSwiftUIDemo;
			sourceTree = "<group>";
		};
		A06C61092580AA490086D389 /* Preview Content */ = {
			isa = PBXGroup;
			children = (
				A06C610A2580AA490086D389 /* Preview Assets.xcassets */,
			);
			path = "Preview Content";
			sourceTree = "<group>";
		};
		A06C61152580C3CA0086D389 /* Modules */ = {
			isa = PBXGroup;
			children = (
				A06C61162580C3ED0086D389 /* LoginScene */,
			);
			path = Modules;
			sourceTree = "<group>";
		};
		A06C61162580C3ED0086D389 /* LoginScene */ = {
			isa = PBXGroup;
			children = (
				A06C611B2580C79F0086D389 /* LoginButton */,
				A06C61052580AA470086D389 /* LoginView.swift */,
				A06C61182580C41C0086D389 /* LoginViewModel.swift */,
			);
			path = LoginScene;
			sourceTree = "<group>";
		};
		A06C611B2580C79F0086D389 /* LoginButton */ = {
			isa = PBXGroup;
			children = (
				A06C611C2580C7B20086D389 /* LoginButtonView.swift */,
			);
			path = LoginButton;
			sourceTree = "<group>";
		};
/* End PBXGroup section */

/* Begin PBXNativeTarget section */
		A06C60FF2580AA470086D389 /* LoginSwiftUIDemo */ = {
			isa = PBXNativeTarget;
			buildConfigurationList = A06C610F2580AA490086D389 /* Build configuration list for PBXNativeTarget "LoginSwiftUIDemo" */;
			buildPhases = (
				A06C60FC2580AA470086D389 /* Sources */,
				A06C60FD2580AA470086D389 /* Frameworks */,
				A06C60FE2580AA470086D389 /* Resources */,
			);
			buildRules = (
			);
			dependencies = (
			);
			name = LoginSwiftUIDemo;
			productName = LoginSwiftUIDemo;
			productReference = A06C61002580AA470086D389 /* LoginSwiftUIDemo.app */;
			productType = "com.apple.product-type.application";
		};
/* End PBXNativeTarget section */

/* Begin PBXProject section */
		A06C60F82580AA470086D389 /* Project object */ = {
			isa = PBXProject;
			attributes = {
				LastSwiftUpdateCheck = 1220;
				LastUpgradeCheck = 1220;
				TargetAttributes = {
					A06C60FF2580AA470086D389 = {
						CreatedOnToolsVersion = 12.2;
					};
				};
			};
			buildConfigurationList = A06C60FB2580AA470086D389 /* Build configuration list for PBXProject "LoginSwiftUIDemo" */;
			compatibilityVersion = "Xcode 9.3";
			developmentRegion = en;
			hasScannedForEncodings = 0;
			knownRegions = (
				en,
				Base,
			);
			mainGroup = A06C60F72580AA470086D389;
			productRefGroup = A06C61012580AA470086D389 /* Products */;
			projectDirPath = "";
			projectRoot = "";
			targets = (
				A06C60FF2580AA470086D389 /* LoginSwiftUIDemo */,
			);
		};
/* End PBXProject section */

/* Begin PBXResourcesBuildPhase section */
		A06C60FE2580AA470086D389 /* Resources */ = {
			isa = PBXResourcesBuildPhase;
			buildActionMask = 2147483647;
			files = (
				A06C610B2580AA490086D389 /* Preview Assets.xcassets in Resources */,
				A06C61082580AA490086D389 /* Assets.xcassets in Resources */,
			);
			runOnlyForDeploymentPostprocessing = 0;
		};
/* End PBXResourcesBuildPhase section */

/* Begin PBXSourcesBuildPhase section */
		A06C60FC2580AA470086D389 /* Sources */ = {
			isa = PBXSourcesBuildPhase;
			buildActionMask = 2147483647;
			files = (
				A06C611D2580C7B20086D389 /* LoginButtonView.swift in Sources */,
				A06C61062580AA470086D389 /* LoginView.swift in Sources */,
				A06C61042580AA470086D389 /* LoginSwiftUIDemoApp.swift in Sources */,
				A06C61192580C41C0086D389 /* LoginViewModel.swift in Sources */,
			);
			runOnlyForDeploymentPostprocessing = 0;
		};
/* End PBXSourcesBuildPhase section */

/* Begin XCBuildConfiguration section */
		A06C610D2580AA490086D389 /* Debug */ = {
			isa = XCBuildConfiguration;
			buildSettings = {
				ALWAYS_SEARCH_USER_PATHS = NO;
				CLANG_ANALYZER_NONNULL = YES;
				CLANG_ANALYZER_NUMBER_OBJECT_CONVERSION = YES_AGGRESSIVE;
				CLANG_CXX_LANGUAGE_STANDARD = "gnu++14";
				CLANG_CXX_LIBRARY = "libc++";
				CLANG_ENABLE_MODULES = YES;
				CLANG_ENABLE_OBJC_ARC = YES;
				CLANG_ENABLE_OBJC_WEAK = YES;
				CLANG_WARN_BLOCK_CAPTURE_AUTORELEASING = YES;
				CLANG_WARN_BOOL_CONVERSION = YES;
				CLANG_WARN_COMMA = YES;
				CLANG_WARN_CONSTANT_CONVERSION = YES;
				CLANG_WARN_DEPRECATED_OBJC_IMPLEMENTATIONS = YES;
				CLANG_WARN_DIRECT_OBJC_ISA_USAGE = YES_ERROR;
				CLANG_WARN_DOCUMENTATION_COMMENTS = YES;
				CLANG_WARN_EMPTY_BODY = YES;
				CLANG_WARN_ENUM_CONVERSION = YES;
				CLANG_WARN_INFINITE_RECURSION = YES;
				CLANG_WARN_INT_CONVERSION = YES;
				CLANG_WARN_NON_LITERAL_NULL_CONVERSION = YES;
				CLANG_WARN_OBJC_IMPLICIT_RETAIN_SELF = YES;
				CLANG_WARN_OBJC_LITERAL_CONVERSION = YES;
				CLANG_WARN_OBJC_ROOT_CLASS = YES_ERROR;
				CLANG_WARN_QUOTED_INCLUDE_IN_FRAMEWORK_HEADER = YES;
				CLANG_WARN_RANGE_LOOP_ANALYSIS = YES;
				CLANG_WARN_STRICT_PROTOTYPES = YES;
				CLANG_WARN_SUSPICIOUS_MOVE = YES;
				CLANG_WARN_UNGUARDED_AVAILABILITY = YES_AGGRESSIVE;
				CLANG_WARN_UNREACHABLE_CODE = YES;
				CLANG_WARN__DUPLICATE_METHOD_MATCH = YES;
				COPY_PHASE_STRIP = NO;
				DEBUG_INFORMATION_FORMAT = dwarf;
				ENABLE_STRICT_OBJC_MSGSEND = YES;
				ENABLE_TESTABILITY = YES;
				GCC_C_LANGUAGE_STANDARD = gnu11;
				GCC_DYNAMIC_NO_PIC = NO;
				GCC_NO_COMMON_BLOCKS = YES;
				GCC_OPTIMIZATION_LEVEL = 0;
				GCC_PREPROCESSOR_DEFINITIONS = (
					"DEBUG=1",
					"$(inherited)",
				);
				GCC_WARN_64_TO_32_BIT_CONVERSION = YES;
				GCC_WARN_ABOUT_RETURN_TYPE = YES_ERROR;
				GCC_WARN_UNDECLARED_SELECTOR = YES;
				GCC_WARN_UNINITIALIZED_AUTOS = YES_AGGRESSIVE;
				GCC_WARN_UNUSED_FUNCTION = YES;
				GCC_WARN_UNUSED_VARIABLE = YES;
				IPHONEOS_DEPLOYMENT_TARGET = 14.2;
				MTL_ENABLE_DEBUG_INFO = INCLUDE_SOURCE;
				MTL_FAST_MATH = YES;
				ONLY_ACTIVE_ARCH = YES;
				SDKROOT = iphoneos;
				SWIFT_ACTIVE_COMPILATION_CONDITIONS = DEBUG;
				SWIFT_OPTIMIZATION_LEVEL = "-Onone";
			};
			name = Debug;
		};
		A06C610E2580AA490086D389 /* Release */ = {
			isa = XCBuildConfiguration;
			buildSettings = {
				ALWAYS_SEARCH_USER_PATHS = NO;
				CLANG_ANALYZER_NONNULL = YES;
				CLANG_ANALYZER_NUMBER_OBJECT_CONVERSION = YES_AGGRESSIVE;
				CLANG_CXX_LANGUAGE_STANDARD = "gnu++14";
				CLANG_CXX_LIBRARY = "libc++";
				CLANG_ENABLE_MODULES = YES;
				CLANG_ENABLE_OBJC_ARC = YES;
				CLANG_ENABLE_OBJC_WEAK = YES;
				CLANG_WARN_BLOCK_CAPTURE_AUTORELEASING = YES;
				CLANG_WARN_BOOL_CONVERSION = YES;
				CLANG_WARN_COMMA = YES;
				CLANG_WARN_CONSTANT_CONVERSION = YES;
				CLANG_WARN_DEPRECATED_OBJC_IMPLEMENTATIONS = YES;
				CLANG_WARN_DIRECT_OBJC_ISA_USAGE = YES_ERROR;
				CLANG_WARN_DOCUMENTATION_COMMENTS = YES;
				CLANG_WARN_EMPTY_BODY = YES;
				CLANG_WARN_ENUM_CONVERSION = YES;
				CLANG_WARN_INFINITE_RECURSION = YES;
				CLANG_WARN_INT_CONVERSION = YES;
				CLANG_WARN_NON_LITERAL_NULL_CONVERSION = YES;
				CLANG_WARN_OBJC_IMPLICIT_RETAIN_SELF = YES;
				CLANG_WARN_OBJC_LITERAL_CONVERSION = YES;
				CLANG_WARN_OBJC_ROOT_CLASS = YES_ERROR;
				CLANG_WARN_QUOTED_INCLUDE_IN_FRAMEWORK_HEADER = YES;
				CLANG_WARN_RANGE_LOOP_ANALYSIS = YES;
				CLANG_WARN_STRICT_PROTOTYPES = YES;
				CLANG_WARN_SUSPICIOUS_MOVE = YES;
				CLANG_WARN_UNGUARDED_AVAILABILITY = YES_AGGRESSIVE;
				CLANG_WARN_UNREACHABLE_CODE = YES;
				CLANG_WARN__DUPLICATE_METHOD_MATCH = YES;
				COPY_PHASE_STRIP = NO;
				DEBUG_INFORMATION_FORMAT = "dwarf-with-dsym";
				ENABLE_NS_ASSERTIONS = NO;
				ENABLE_STRICT_OBJC_MSGSEND = YES;
				GCC_C_LANGUAGE_STANDARD = gnu11;
				GCC_NO_COMMON_BLOCKS = YES;
				GCC_WARN_64_TO_32_BIT_CONVERSION = YES;
				GCC_WARN_ABOUT_RETURN_TYPE = YES_ERROR;
				GCC_WARN_UNDECLARED_SELECTOR = YES;
				GCC_WARN_UNINITIALIZED_AUTOS = YES_AGGRESSIVE;
				GCC_WARN_UNUSED_FUNCTION = YES;
				GCC_WARN_UNUSED_VARIABLE = YES;
				IPHONEOS_DEPLOYMENT_TARGET = 14.2;
				MTL_ENABLE_DEBUG_INFO = NO;
				MTL_FAST_MATH = YES;
				SDKROOT = iphoneos;
				SWIFT_COMPILATION_MODE = wholemodule;
				SWIFT_OPTIMIZATION_LEVEL = "-O";
				VALIDATE_PRODUCT = YES;
			};
			name = Release;
		};
		A06C61102580AA490086D389 /* Debug */ = {
			isa = XCBuildConfiguration;
			buildSettings = {
				ASSETCATALOG_COMPILER_APPICON_NAME = AppIcon;
				ASSETCATALOG_COMPILER_GLOBAL_ACCENT_COLOR_NAME = AccentColor;
				CODE_SIGN_STYLE = Automatic;
				DEVELOPMENT_ASSET_PATHS = "\"LoginSwiftUIDemo/Preview Content\"";
				DEVELOPMENT_TEAM = TKZP5D9H8P;
				ENABLE_PREVIEWS = YES;
				INFOPLIST_FILE = LoginSwiftUIDemo/Info.plist;
				IPHONEOS_DEPLOYMENT_TARGET = 14.0;
				LD_RUNPATH_SEARCH_PATHS = (
					"$(inherited)",
					"@executable_path/Frameworks",
				);
				PRODUCT_BUNDLE_IDENTIFIER = com.fameventures.LoginSwiftUIDemo;
				PRODUCT_NAME = "$(TARGET_NAME)";
				SWIFT_VERSION = 5.0;
				TARGETED_DEVICE_FAMILY = "1,2";
			};
			name = Debug;
		};
		A06C61112580AA490086D389 /* Release */ = {
			isa = XCBuildConfiguration;
			buildSettings = {
				ASSETCATALOG_COMPILER_APPICON_NAME = AppIcon;
				ASSETCATALOG_COMPILER_GLOBAL_ACCENT_COLOR_NAME = AccentColor;
				CODE_SIGN_STYLE = Automatic;
				DEVELOPMENT_ASSET_PATHS = "\"LoginSwiftUIDemo/Preview Content\"";
				DEVELOPMENT_TEAM = TKZP5D9H8P;
				ENABLE_PREVIEWS = YES;
				INFOPLIST_FILE = LoginSwiftUIDemo/Info.plist;
				IPHONEOS_DEPLOYMENT_TARGET = 14.0;
				LD_RUNPATH_SEARCH_PATHS = (
					"$(inherited)",
					"@executable_path/Frameworks",
				);
				PRODUCT_BUNDLE_IDENTIFIER = com.fameventures.LoginSwiftUIDemo;
				PRODUCT_NAME = "$(TARGET_NAME)";
				SWIFT_VERSION = 5.0;
				TARGETED_DEVICE_FAMILY = "1,2";
			};
			name = Release;
		};
/* End XCBuildConfiguration section */

/* Begin XCConfigurationList section */
		A06C60FB2580AA470086D389 /* Build configuration list for PBXProject "LoginSwiftUIDemo" */ = {
			isa = XCConfigurationList;
			buildConfigurations = (
				A06C610D2580AA490086D389 /* Debug */,
				A06C610E2580AA490086D389 /* Release */,
			);
			defaultConfigurationIsVisible = 0;
			defaultConfigurationName = Release;
		};
		A06C610F2580AA490086D389 /* Build configuration list for PBXNativeTarget "LoginSwiftUIDemo" */ = {
			isa = XCConfigurationList;
			buildConfigurations = (
				A06C61102580AA490086D389 /* Debug */,
				A06C61112580AA490086D389 /* Release */,
			);
			defaultConfigurationIsVisible = 0;
			defaultConfigurationName = Release;
		};
/* End XCConfigurationList section */
	};
	rootObject = A06C60F82580AA470086D389 /* Project object */;
}
